{
  "name": "@gny/web-ed",
  "version": "1.0.0",
  "lockfileVersion": 1,
  "requires": true,
  "dependencies": {
    "@types/bytebuffer": {
      "version": "5.0.40",
      "resolved": "https://registry.npmjs.org/@types/bytebuffer/-/bytebuffer-5.0.40.tgz",
      "integrity": "sha512-h48dyzZrPMz25K6Q4+NCwWaxwXany2FhQg/ErOcdZS1ZpsaDnDMZg8JYLMTGz7uvXKrcKGJUZJlZObyfgdaN9g==",
      "requires": {
        "@types/long": "*",
        "@types/node": "*"
      }
    },
    "@types/long": {
      "version": "4.0.0",
      "resolved": "https://registry.npmjs.org/@types/long/-/long-4.0.0.tgz",
      "integrity": "sha512-1w52Nyx4Gq47uuu0EVcsHBxZFJgurQ+rTKS3qMHxR1GY2T8c2AJYd6vZoZ9q1rupaDjU0yT+Jc2XTyXkjeMA+Q=="
    },
    "@types/node": {
      "version": "12.12.11",
      "resolved": "https://registry.npmjs.org/@types/node/-/node-12.12.11.tgz",
      "integrity": "sha512-O+x6uIpa6oMNTkPuHDa9MhMMehlxLAd5QcOvKRjAFsBVpeFWTOPnXbDvILvFgFFZfQ1xh1EZi1FbXxUix+zpsQ=="
    },
    "bytebuffer": {
      "version": "5.0.1",
      "resolved": "https://registry.npmjs.org/bytebuffer/-/bytebuffer-5.0.1.tgz",
      "integrity": "sha1-WC7qSxqHO20CCkjVjfhfC7ps/d0=",
      "requires": {
        "long": "~3"
      }
    },
    "fast-sha256": {
      "version": "1.1.1",
      "resolved": "https://registry.npmjs.org/fast-sha256/-/fast-sha256-1.1.1.tgz",
      "integrity": "sha512-CKUjAtRhTHaLueE7eUPX4009H7yMZxxBWHYxvzCn3WySKza5+S5EknF86zpOzF4Is4/qNUzbrhtC19gUMzCUdQ=="
    },
    "long": {
      "version": "3.2.0",
      "resolved": "https://registry.npmjs.org/long/-/long-3.2.0.tgz",
      "integrity": "sha1-2CG3E4yhy1gcFymQ7xTbIAtcR0s="
    },
    "tweetnacl": {
      "version": "1.0.1",
      "resolved": "https://registry.npmjs.org/tweetnacl/-/tweetnacl-1.0.1.tgz",
      "integrity": "sha512-kcoMoKTPYnoeS50tzoqjPY3Uv9axeuuFAZY9M/9zFnhoVvRfxz9K29IMPD7jGmt2c8SW7i3gT9WqDl2+nV7p4A=="
    }
  }
}
