{
  "name": "@gny/main",
  "version": "1.0.0",
  "lockfileVersion": 1,
  "requires": true,
  "dependencies": {
    "@types/ip": {
      "version": "0.0.32",
      "resolved": "https://registry.npmjs.org/@types/ip/-/ip-0.0.32.tgz",
      "integrity": "sha512-vCzCQQ4W6PoGMOE1SJY1tGXPBi1Wq2EueEvRWx5qOuz35X7bP0b9MQSN5gBEqKbedsFhsEvgtX6kD6ysut+XHA==",
      "requires": {
        "@types/node": "*"
      }
    },
    "@types/node": {
      "version": "12.7.4",
      "resolved": "https://registry.npmjs.org/@types/node/-/node-12.7.4.tgz",
      "integrity": "sha512-W0+n1Y+gK/8G2P/piTkBBN38Qc5Q1ZSO6B5H3QmPCUewaiXOo2GCAWZ4ElZCcNhjJuBSUSLGFUJnmlCn5+nxOQ=="
    },
    "bignumber.js": {
      "version": "8.1.1",
      "resolved": "https://registry.npmjs.org/bignumber.js/-/bignumber.js-8.1.1.tgz",
      "integrity": "sha512-QD46ppGintwPGuL1KqmwhR0O+N2cZUg8JG/VzwI2e28sM9TqHjQB10lI4QAaMHVbLzwVLLAwEglpKPViWX+5NQ=="
    },
    "commander": {
      "version": "2.19.0",
      "resolved": "https://registry.npmjs.org/commander/-/commander-2.19.0.tgz",
      "integrity": "sha512-6tvAOO+D6OENvRAh524Dh9jcfKTYDQAqvqezbCW82xj5X0pSrcpxtvRKHLG0yBY6SD7PSDrJaj+0AiOcKVd1Xg=="
    },
    "daemon": {
      "version": "1.1.0",
      "resolved": "https://registry.npmjs.org/daemon/-/daemon-1.1.0.tgz",
      "integrity": "sha1-bFECyB2wvoVvyQCPwsk1s5iGSug="
    },
    "ip": {
      "version": "1.1.3",
      "resolved": "https://registry.npmjs.org/ip/-/ip-1.1.3.tgz",
      "integrity": "sha1-ErFilKOJJUhtYYoRA1BuTrT4spY="
    },
    "p-whilst": {
      "version": "2.1.0",
      "resolved": "https://registry.npmjs.org/p-whilst/-/p-whilst-2.1.0.tgz",
      "integrity": "sha512-uzp1HPgqzokEmZN+VpfQ9PO4YY5xm+jpLJeL9FN1NPU4d4IZh8eEV+mtQXd+/22R1P7C5j19b7Y//oUc7k0+RQ=="
    }
  }
}
