{
  "name": "@gny/ed",
  "version": "1.0.91",
  "lockfileVersion": 1,
  "requires": true,
  "dependencies": {
    "node-addon-api": {
      "version": "1.7.1",
      "resolved": "https://registry.npmjs.org/node-addon-api/-/node-addon-api-1.7.1.tgz",
      "integrity": "sha512-2+DuKodWvwRTrCfKOeR24KIc5unKjOh8mz17NCzVnHWfjAdDqbfbjqh7gUT+BkXBRQM52+xCHciKWonJ3CbJMQ=="
    },
    "sodium": {
      "version": "3.0.2",
      "resolved": "https://registry.npmjs.org/sodium/-/sodium-3.0.2.tgz",
      "integrity": "sha512-IsTwTJeoNBU97km3XkrbCGC/n/9aUQejgD3QPr2YY2gtbSPru3TI6nhCqgoez9Mv88frF9oVZS/jrXFbd6WXyA==",
      "requires": {
        "node-addon-api": "*"
      }
    }
  }
}
