{
  "name": "@gny/web-base",
  "version": "1.0.0",
  "lockfileVersion": 1,
  "requires": true,
  "dependencies": {
    "@types/bytebuffer": {
      "version": "5.0.40",
      "resolved": "https://registry.npmjs.org/@types/bytebuffer/-/bytebuffer-5.0.40.tgz",
      "integrity": "sha512-h48dyzZrPMz25K6Q4+NCwWaxwXany2FhQg/ErOcdZS1ZpsaDnDMZg8JYLMTGz7uvXKrcKGJUZJlZObyfgdaN9g==",
      "requires": {
        "@types/long": "*",
        "@types/node": "*"
      }
    },
    "@types/long": {
      "version": "4.0.0",
      "resolved": "https://registry.npmjs.org/@types/long/-/long-4.0.0.tgz",
      "integrity": "sha512-1w52Nyx4Gq47uuu0EVcsHBxZFJgurQ+rTKS3qMHxR1GY2T8c2AJYd6vZoZ9q1rupaDjU0yT+Jc2XTyXkjeMA+Q=="
    },
    "@types/node": {
      "version": "12.12.12",
      "resolved": "https://registry.npmjs.org/@types/node/-/node-12.12.12.tgz",
      "integrity": "sha512-MGuvYJrPU0HUwqF7LqvIj50RZUX23Z+m583KBygKYUZLlZ88n6w28XRNJRJgsHukLEnLz6w6SvxZoLgbr5wLqQ=="
    },
    "bytebuffer": {
      "version": "5.0.1",
      "resolved": "https://registry.npmjs.org/bytebuffer/-/bytebuffer-5.0.1.tgz",
      "integrity": "sha1-WC7qSxqHO20CCkjVjfhfC7ps/d0=",
      "requires": {
        "long": "~3"
      }
    },
    "fast-sha256": {
      "version": "1.1.1",
      "resolved": "https://registry.npmjs.org/fast-sha256/-/fast-sha256-1.1.1.tgz",
      "integrity": "sha512-CKUjAtRhTHaLueE7eUPX4009H7yMZxxBWHYxvzCn3WySKza5+S5EknF86zpOzF4Is4/qNUzbrhtC19gUMzCUdQ=="
    },
    "lodash": {
      "version": "4.17.15",
      "resolved": "https://registry.npmjs.org/lodash/-/lodash-4.17.15.tgz",
      "integrity": "sha512-8xOcRHvCjnocdS5cpwXQXVzmmh5e5+saE2QGoeQmbKmRS6J3VQppPOIt0MnmE+4xlZoumy0GPG0D0MVIQbNA1A=="
    },
    "long": {
      "version": "3.2.0",
      "resolved": "https://registry.npmjs.org/long/-/long-3.2.0.tgz",
      "integrity": "sha1-2CG3E4yhy1gcFymQ7xTbIAtcR0s="
    }
  }
}
