{
  "name": "@gnyio/container",
  "version": "2.16.5",
  "lockfileVersion": 3,
  "requires": true,
  "packages": {
    "": {
      "name": "@gnyio/container",
      "version": "2.16.5",
      "dependencies": {
        "inversify": "6.2.1",
        "reflect-metadata": "0.2.2"
      }
    },
    "node_modules/@inversifyjs/common": {
      "version": "1.4.0",
      "resolved": "https://registry.npmjs.org/@inversifyjs/common/-/common-1.4.0.tgz",
      "integrity": "sha512-qfRJ/3iOlCL/VfJq8+4o5X4oA14cZSBbpAmHsYj8EsIit1xDndoOl0xKOyglKtQD4u4gdNVxMHx4RWARk/I4QA==",
      "license": "MIT"
    },
    "node_modules/@inversifyjs/core": {
      "version": "1.3.5",
      "resolved": "https://registry.npmjs.org/@inversifyjs/core/-/core-1.3.5.tgz",
      "integrity": "sha512-B4MFXabhNTAmrfgB+yeD6wd/GIvmvWC6IQ8Rh/j2C3Ix69kmqwz9pr8Jt3E+Nho9aEHOQCZaGmrALgtqRd+oEQ==",
      "license": "MIT",
      "dependencies": {
        "@inversifyjs/common": "1.4.0",
        "@inversifyjs/reflect-metadata-utils": "0.2.4"
      }
    },
    "node_modules/@inversifyjs/reflect-metadata-utils": {
      "version": "0.2.4",
      "resolved": "https://registry.npmjs.org/@inversifyjs/reflect-metadata-utils/-/reflect-metadata-utils-0.2.4.tgz",
      "integrity": "sha512-u95rV3lKfG+NT2Uy/5vNzoDujos8vN8O18SSA5UyhxsGYd4GLQn/eUsGXfOsfa7m34eKrDelTKRUX1m/BcNX5w==",
      "license": "MIT",
      "peerDependencies": {
        "reflect-metadata": "0.2.2"
      }
    },
    "node_modules/inversify": {
      "version": "6.2.1",
      "resolved": "https://registry.npmjs.org/inversify/-/inversify-6.2.1.tgz",
      "integrity": "sha512-W6Xi0icXIiC48RWdT681+GlZVgAKmCrNTiP7hj4IVPFbcxHz+Jj8Gxz5qr/Az2cgcZMYdB8tKIr2e68LUi1LYQ==",
      "license": "MIT",
      "dependencies": {
        "@inversifyjs/common": "1.4.0",
        "@inversifyjs/core": "1.3.5"
      },
      "peerDependencies": {
        "reflect-metadata": "~0.2.2"
      }
    },
    "node_modules/reflect-metadata": {
      "version": "0.2.2",
      "resolved": "https://registry.npmjs.org/reflect-metadata/-/reflect-metadata-0.2.2.tgz",
      "integrity": "sha512-urBwgfrvVP/eAyXx4hluJivBKzuEbSQs9rKWCrCkbSxNv8mxPcUZKeuoF3Uy4mJl3Lwprp6yy5/39VWigZ4K6Q==",
      "license": "Apache-2.0"
    }
  }
}
